
Microsoft Visual Studio Solution File, Format Version 12.00
# Visual Studio Version 17
VisualStudioVersion = 17.11.35219.272
MinimumVisualStudioVersion = 10.0.40219.1
Project("{FAE04EC0-301F-11D3-BF4B-00C04F79EFBC}") = "feuersim", "feuersim\feuersim.csproj", "{69B0B777-9930-475C-AF67-95A28286F1FE}"
EndProject
Global
	GlobalSection(SolutionConfigurationPlatforms) = preSolution
		Debug|Any CPU = Debug|Any CPU
		Release|Any CPU = Release|Any CPU
	EndGlobalSection
	GlobalSection(ProjectConfigurationPlatforms) = postSolution
		{69B0B777-9930-475C-AF67-95A28286F1FE}.Debug|Any CPU.ActiveCfg = Debug|Any CPU
		{69B0B777-9930-475C-AF67-95A28286F1FE}.Debug|Any CPU.Build.0 = Debug|Any CPU
		{69B0B777-9930-475C-AF67-95A28286F1FE}.Release|Any CPU.ActiveCfg = Release|Any CPU
		{69B0B777-9930-475C-AF67-95A28286F1FE}.Release|Any CPU.Build.0 = Release|Any CPU
	EndGlobalSection
	GlobalSection(SolutionProperties) = preSolution
		HideSolutionNode = FALSE
	EndGlobalSection
	GlobalSection(ExtensibilityGlobals) = postSolution
		SolutionGuid = {FDE1F785-93CA-45A6-A8BE-EDD564DBC000}
	EndGlobalSection
EndGlobal
